
Microsoft Visual Studio Solution File, Format Version 12.00
# Visual Studio Version 17
VisualStudioVersion = 17.11.35312.102
MinimumVisualStudioVersion = 10.0.40219.1
Project("{9A19103F-16F7-4668-BE54-9A1E7A4F7556}") = "LFSR-PeriodLength", "LFSR-PeriodLength\LFSR-PeriodLength.csproj", "{FD4A2FEB-2211-4943-8105-B50BD1D27AB6}"
EndProject
Project("{FAE04EC0-301F-11D3-BF4B-00C04F79EFBC}") = "CSV-PeriodLength", "CSV-PeriodLength\CSV-PeriodLength.csproj", "{4926074B-3E71-4438-BDE6-0E55C459237C}"
EndProject
Global
	GlobalSection(SolutionConfigurationPlatforms) = preSolution
		Debug|Any CPU = Debug|Any CPU
		Release|Any CPU = Release|Any CPU
	EndGlobalSection
	GlobalSection(ProjectConfigurationPlatforms) = postSolution
		{FD4A2FEB-2211-4943-8105-B50BD1D27AB6}.Debug|Any CPU.ActiveCfg = Debug|Any CPU
		{FD4A2FEB-2211-4943-8105-B50BD1D27AB6}.Debug|Any CPU.Build.0 = Debug|Any CPU
		{FD4A2FEB-2211-4943-8105-B50BD1D27AB6}.Release|Any CPU.ActiveCfg = Release|Any CPU
		{FD4A2FEB-2211-4943-8105-B50BD1D27AB6}.Release|Any CPU.Build.0 = Release|Any CPU
		{4926074B-3E71-4438-BDE6-0E55C459237C}.Debug|Any CPU.ActiveCfg = Debug|Any CPU
		{4926074B-3E71-4438-BDE6-0E55C459237C}.Debug|Any CPU.Build.0 = Debug|Any CPU
		{4926074B-3E71-4438-BDE6-0E55C459237C}.Release|Any CPU.ActiveCfg = Release|Any CPU
		{4926074B-3E71-4438-BDE6-0E55C459237C}.Release|Any CPU.Build.0 = Release|Any CPU
	EndGlobalSection
	GlobalSection(SolutionProperties) = preSolution
		HideSolutionNode = FALSE
	EndGlobalSection
	GlobalSection(ExtensibilityGlobals) = postSolution
		SolutionGuid = {158A3900-2618-4B0B-A258-498041BC904C}
	EndGlobalSection
EndGlobal
